
Microsoft Visual Studio Solution File, Format Version 12.00
# Visual Studio Version 16
VisualStudioVersion = 25.0.1706.0
MinimumVisualStudioVersion = 10.0.40219.1
Project("{2150E333-8FDC-42A3-9474-1A3956D46DE8}") = "Services", "Services", "{777B78CB-A024-45CB-99BF-D849DE30F002}"
EndProject
Project("{2150E333-8FDC-42A3-9474-1A3956D46DE8}") = "Catalog", "Catalog", "{0F06BE68-36F6-44AB-BA62-4C9B2F630FE5}"
EndProject
Project("{FAE04EC0-301F-11D3-BF4B-00C04F79EFBC}") = "MultiShop.Catalog", "Services\Catalog\MultiShop.Catalog\MultiShop.Catalog.csproj", "{0DA7C208-B030-44EF-983A-A16EC88EFEA9}"
EndProject
Project("{2150E333-8FDC-42A3-9474-1A3956D46DE8}") = "Discount", "Discount", "{A17EC2B2-AA8D-4705-AB03-766B62172982}"
EndProject
Project("{FAE04EC0-301F-11D3-BF4B-00C04F79EFBC}") = "MultiShop.Discount", "Services\Discount\MultiShop.Discount\MultiShop.Discount.csproj", "{D116C558-7E59-46D4-852A-9C3DBB6ABC27}"
EndProject
Project("{2150E333-8FDC-42A3-9474-1A3956D46DE8}") = "Order", "Order", "{39720C09-181F-457A-A829-4BF6DCF165EE}"
EndProject
Project("{2150E333-8FDC-42A3-9474-1A3956D46DE8}") = "Core", "Core", "{11703165-A3BE-496C-8178-5B8A2D876B5D}"
EndProject
Project("{2150E333-8FDC-42A3-9474-1A3956D46DE8}") = "Infrastructure", "Infrastructure", "{A86F0081-FBF8-4EB9-B55A-28D789E4004C}"
EndProject
Project("{2150E333-8FDC-42A3-9474-1A3956D46DE8}") = "Presentation", "Presentation", "{E50AA7DC-0D9D-4ABE-9646-7593C711FA53}"
EndProject
Project("{FAE04EC0-301F-11D3-BF4B-00C04F79EFBC}") = "MultiShop.Order.Domain", "Services\Order\Core\MultiShop.Order.Domain\MultiShop.Order.Domain.csproj", "{CF3D38CE-7337-468D-966D-774C53B8B6C2}"
EndProject
Project("{FAE04EC0-301F-11D3-BF4B-00C04F79EFBC}") = "MultiShop.Order.Application", "Services\Order\Core\MultiShop.Order.Application\MultiShop.Order.Application.csproj", "{115810B2-6C43-4B3F-8C6B-78EC0EE01133}"
EndProject
Project("{FAE04EC0-301F-11D3-BF4B-00C04F79EFBC}") = "MultiShop.Order.Persistence", "Services\Order\Infrastructure\MultiShop.Order.Persistence\MultiShop.Order.Persistence.csproj", "{61230AF5-ED29-4D42-BEDF-8A8CD9505D36}"
EndProject
Project("{FAE04EC0-301F-11D3-BF4B-00C04F79EFBC}") = "MultiShop.Order.WebAPI", "Services\Order\Presentation\MultiShop.Order.WebAPI\MultiShop.Order.WebAPI.csproj", "{EC1DB1A1-B9B0-4F78-8B50-3755CA6D6321}"
EndProject
Global
	GlobalSection(SolutionConfigurationPlatforms) = preSolution
		Debug|Any CPU = Debug|Any CPU
		Release|Any CPU = Release|Any CPU
	EndGlobalSection
	GlobalSection(ProjectConfigurationPlatforms) = postSolution
		{0DA7C208-B030-44EF-983A-A16EC88EFEA9}.Debug|Any CPU.ActiveCfg = Debug|Any CPU
		{0DA7C208-B030-44EF-983A-A16EC88EFEA9}.Debug|Any CPU.Build.0 = Debug|Any CPU
		{0DA7C208-B030-44EF-983A-A16EC88EFEA9}.Release|Any CPU.ActiveCfg = Release|Any CPU
		{0DA7C208-B030-44EF-983A-A16EC88EFEA9}.Release|Any CPU.Build.0 = Release|Any CPU
		{D116C558-7E59-46D4-852A-9C3DBB6ABC27}.Debug|Any CPU.ActiveCfg = Debug|Any CPU
		{D116C558-7E59-46D4-852A-9C3DBB6ABC27}.Debug|Any CPU.Build.0 = Debug|Any CPU
		{D116C558-7E59-46D4-852A-9C3DBB6ABC27}.Release|Any CPU.ActiveCfg = Release|Any CPU
		{D116C558-7E59-46D4-852A-9C3DBB6ABC27}.Release|Any CPU.Build.0 = Release|Any CPU
		{CF3D38CE-7337-468D-966D-774C53B8B6C2}.Debug|Any CPU.ActiveCfg = Debug|Any CPU
		{CF3D38CE-7337-468D-966D-774C53B8B6C2}.Debug|Any CPU.Build.0 = Debug|Any CPU
		{CF3D38CE-7337-468D-966D-774C53B8B6C2}.Release|Any CPU.ActiveCfg = Release|Any CPU
		{CF3D38CE-7337-468D-966D-774C53B8B6C2}.Release|Any CPU.Build.0 = Release|Any CPU
		{115810B2-6C43-4B3F-8C6B-78EC0EE01133}.Debug|Any CPU.ActiveCfg = Debug|Any CPU
		{115810B2-6C43-4B3F-8C6B-78EC0EE01133}.Debug|Any CPU.Build.0 = Debug|Any CPU
		{115810B2-6C43-4B3F-8C6B-78EC0EE01133}.Release|Any CPU.ActiveCfg = Release|Any CPU
		{115810B2-6C43-4B3F-8C6B-78EC0EE01133}.Release|Any CPU.Build.0 = Release|Any CPU
		{61230AF5-ED29-4D42-BEDF-8A8CD9505D36}.Debug|Any CPU.ActiveCfg = Debug|Any CPU
		{61230AF5-ED29-4D42-BEDF-8A8CD9505D36}.Debug|Any CPU.Build.0 = Debug|Any CPU
		{61230AF5-ED29-4D42-BEDF-8A8CD9505D36}.Release|Any CPU.ActiveCfg = Release|Any CPU
		{61230AF5-ED29-4D42-BEDF-8A8CD9505D36}.Release|Any CPU.Build.0 = Release|Any CPU
		{EC1DB1A1-B9B0-4F78-8B50-3755CA6D6321}.Debug|Any CPU.ActiveCfg = Debug|Any CPU
		{EC1DB1A1-B9B0-4F78-8B50-3755CA6D6321}.Debug|Any CPU.Build.0 = Debug|Any CPU
		{EC1DB1A1-B9B0-4F78-8B50-3755CA6D6321}.Release|Any CPU.ActiveCfg = Release|Any CPU
		{EC1DB1A1-B9B0-4F78-8B50-3755CA6D6321}.Release|Any CPU.Build.0 = Release|Any CPU
	EndGlobalSection
	GlobalSection(SolutionProperties) = preSolution
		HideSolutionNode = FALSE
	EndGlobalSection
	GlobalSection(ExtensibilityGlobals) = postSolution
		SolutionGuid = {D1046E1B-EFAC-4A64-83D7-B0EC304E5420}
	EndGlobalSection
	GlobalSection(NestedProjects) = preSolution
		{0F06BE68-36F6-44AB-BA62-4C9B2F630FE5} = {777B78CB-A024-45CB-99BF-D849DE30F002}
		{0DA7C208-B030-44EF-983A-A16EC88EFEA9} = {0F06BE68-36F6-44AB-BA62-4C9B2F630FE5}
		{A17EC2B2-AA8D-4705-AB03-766B62172982} = {777B78CB-A024-45CB-99BF-D849DE30F002}
		{D116C558-7E59-46D4-852A-9C3DBB6ABC27} = {A17EC2B2-AA8D-4705-AB03-766B62172982}
		{39720C09-181F-457A-A829-4BF6DCF165EE} = {777B78CB-A024-45CB-99BF-D849DE30F002}
		{11703165-A3BE-496C-8178-5B8A2D876B5D} = {39720C09-181F-457A-A829-4BF6DCF165EE}
		{A86F0081-FBF8-4EB9-B55A-28D789E4004C} = {39720C09-181F-457A-A829-4BF6DCF165EE}
		{E50AA7DC-0D9D-4ABE-9646-7593C711FA53} = {39720C09-181F-457A-A829-4BF6DCF165EE}
		{CF3D38CE-7337-468D-966D-774C53B8B6C2} = {11703165-A3BE-496C-8178-5B8A2D876B5D}
		{115810B2-6C43-4B3F-8C6B-78EC0EE01133} = {11703165-A3BE-496C-8178-5B8A2D876B5D}
		{61230AF5-ED29-4D42-BEDF-8A8CD9505D36} = {A86F0081-FBF8-4EB9-B55A-28D789E4004C}
		{EC1DB1A1-B9B0-4F78-8B50-3755CA6D6321} = {E50AA7DC-0D9D-4ABE-9646-7593C711FA53}
	EndGlobalSection
EndGlobal
